// !$*UTF8*$!
{
	archiveVersion = 1;
	classes = {
	};
	objectVersion = 56;
	objects = {

/* Begin PBXBuildFile section */
		F09A55042969C32C00DF2D05 /* BudgetLogApp.swift in Sources */ = {isa = PBXBuildFile; fileRef = F09A55032969C32C00DF2D05 /* BudgetLogApp.swift */; };
		F09A55062969C32C00DF2D05 /* ContentView.swift in Sources */ = {isa = PBXBuildFile; fileRef = F09A55052969C32C00DF2D05 /* ContentView.swift */; };
		F09A55082969C32F00DF2D05 /* Assets.xcassets in Resources */ = {isa = PBXBuildFile; fileRef = F09A55072969C32F00DF2D05 /* Assets.xcassets */; };
		F09A550B2969C32F00DF2D05 /* Preview Assets.xcassets in Resources */ = {isa = PBXBuildFile; fileRef = F09A550A2969C32F00DF2D05 /* Preview Assets.xcassets */; };
		F09A550D2969C32F00DF2D05 /* Persistence.swift in Sources */ = {isa = PBXBuildFile; fileRef = F09A550C2969C32F00DF2D05 /* Persistence.swift */; };
		F09A55102969C32F00DF2D05 /* BudgetLog.xcdatamodeld in Sources */ = {isa = PBXBuildFile; fileRef = F09A550E2969C32F00DF2D05 /* BudgetLog.xcdatamodeld */; };
		F09A55172969C63200DF2D05 /* HomeView.swift in Sources */ = {isa = PBXBuildFile; fileRef = F09A55162969C63200DF2D05 /* HomeView.swift */; };
		F09A551A296AA83700DF2D05 /* Log.swift in Sources */ = {isa = PBXBuildFile; fileRef = F09A5519296AA83700DF2D05 /* Log.swift */; };
		F09E03C4297D0C9400990FD0 /* Budget.swift in Sources */ = {isa = PBXBuildFile; fileRef = F09E03C3297D0C9400990FD0 /* Budget.swift */; };
		F09E03C6297D0DFB00990FD0 /* FormatterUtil.swift in Sources */ = {isa = PBXBuildFile; fileRef = F09E03C5297D0DFB00990FD0 /* FormatterUtil.swift */; };
		F0BEF2EC2974530C005037D1 /* HomeViewModel.swift in Sources */ = {isa = PBXBuildFile; fileRef = F0BEF2EB2974530C005037D1 /* HomeViewModel.swift */; };
		F0BEF2EE29745A35005037D1 /* BudgetListBottomSheetView.swift in Sources */ = {isa = PBXBuildFile; fileRef = F0BEF2ED29745A35005037D1 /* BudgetListBottomSheetView.swift */; };
/* End PBXBuildFile section */

/* Begin PBXFileReference section */
		F09A55002969C32C00DF2D05 /* BudgetLog.app */ = {isa = PBXFileReference; explicitFileType = wrapper.application; includeInIndex = 0; path = BudgetLog.app; sourceTree = BUILT_PRODUCTS_DIR; };
		F09A55032969C32C00DF2D05 /* BudgetLogApp.swift */ = {isa = PBXFileReference; lastKnownFileType = sourcecode.swift; path = BudgetLogApp.swift; sourceTree = "<group>"; };
		F09A55052969C32C00DF2D05 /* ContentView.swift */ = {isa = PBXFileReference; lastKnownFileType = sourcecode.swift; path = ContentView.swift; sourceTree = "<group>"; };
		F09A55072969C32F00DF2D05 /* Assets.xcassets */ = {isa = PBXFileReference; lastKnownFileType = folder.assetcatalog; path = Assets.xcassets; sourceTree = "<group>"; };
		F09A550A2969C32F00DF2D05 /* Preview Assets.xcassets */ = {isa = PBXFileReference; lastKnownFileType = folder.assetcatalog; path = "Preview Assets.xcassets"; sourceTree = "<group>"; };
		F09A550C2969C32F00DF2D05 /* Persistence.swift */ = {isa = PBXFileReference; lastKnownFileType = sourcecode.swift; path = Persistence.swift; sourceTree = "<group>"; };
		F09A550F2969C32F00DF2D05 /* BudgetLog.xcdatamodel */ = {isa = PBXFileReference; lastKnownFileType = wrapper.xcdatamodel; path = BudgetLog.xcdatamodel; sourceTree = "<group>"; };
		F09A55162969C63200DF2D05 /* HomeView.swift */ = {isa = PBXFileReference; lastKnownFileType = sourcecode.swift; path = HomeView.swift; sourceTree = "<group>"; };
		F09A5519296AA83700DF2D05 /* Log.swift */ = {isa = PBXFileReference; lastKnownFileType = sourcecode.swift; path = Log.swift; sourceTree = "<group>"; };
		F09E03C3297D0C9400990FD0 /* Budget.swift */ = {isa = PBXFileReference; lastKnownFileType = sourcecode.swift; path = Budget.swift; sourceTree = "<group>"; };
		F09E03C5297D0DFB00990FD0 /* FormatterUtil.swift */ = {isa = PBXFileReference; lastKnownFileType = sourcecode.swift; path = FormatterUtil.swift; sourceTree = "<group>"; };
		F0BEF2EB2974530C005037D1 /* HomeViewModel.swift */ = {isa = PBXFileReference; lastKnownFileType = sourcecode.swift; path = HomeViewModel.swift; sourceTree = "<group>"; };
		F0BEF2ED29745A35005037D1 /* BudgetListBottomSheetView.swift */ = {isa = PBXFileReference; lastKnownFileType = sourcecode.swift; path = BudgetListBottomSheetView.swift; sourceTree = "<group>"; };
/* End PBXFileReference section */

/* Begin PBXFrameworksBuildPhase section */
		F09A54FD2969C32C00DF2D05 /* Frameworks */ = {
			isa = PBXFrameworksBuildPhase;
			buildActionMask = 2147483647;
			files = (
			);
			runOnlyForDeploymentPostprocessing = 0;
		};
/* End PBXFrameworksBuildPhase section */

/* Begin PBXGroup section */
		F09A54F72969C32C00DF2D05 = {
			isa = PBXGroup;
			children = (
				F09A55022969C32C00DF2D05 /* BudgetLog */,
				F09A55012969C32C00DF2D05 /* Products */,
			);
			sourceTree = "<group>";
		};
		F09A55012969C32C00DF2D05 /* Products */ = {
			isa = PBXGroup;
			children = (
				F09A55002969C32C00DF2D05 /* BudgetLog.app */,
			);
			name = Products;
			sourceTree = "<group>";
		};
		F09A55022969C32C00DF2D05 /* BudgetLog */ = {
			isa = PBXGroup;
			children = (
				F09A551B296AAAAD00DF2D05 /* util */,
				F09A5518296AA82400DF2D05 /* model */,
				F09A55032969C32C00DF2D05 /* BudgetLogApp.swift */,
				F09A55052969C32C00DF2D05 /* ContentView.swift */,
				F09A55072969C32F00DF2D05 /* Assets.xcassets */,
				F09A550C2969C32F00DF2D05 /* Persistence.swift */,
				F09A550E2969C32F00DF2D05 /* BudgetLog.xcdatamodeld */,
				F09A55092969C32F00DF2D05 /* Preview Content */,
				F09A55162969C63200DF2D05 /* HomeView.swift */,
				F0BEF2EB2974530C005037D1 /* HomeViewModel.swift */,
				F0BEF2ED29745A35005037D1 /* BudgetListBottomSheetView.swift */,
				F09E03C5297D0DFB00990FD0 /* FormatterUtil.swift */,
			);
			path = BudgetLog;
			sourceTree = "<group>";
		};
		F09A55092969C32F00DF2D05 /* Preview Content */ = {
			isa = PBXGroup;
			children = (
				F09A550A2969C32F00DF2D05 /* Preview Assets.xcassets */,
			);
			path = "Preview Content";
			sourceTree = "<group>";
		};
		F09A5518296AA82400DF2D05 /* model */ = {
			isa = PBXGroup;
			children = (
				F09A5519296AA83700DF2D05 /* Log.swift */,
				F09E03C3297D0C9400990FD0 /* Budget.swift */,
			);
			path = model;
			sourceTree = "<group>";
		};
		F09A551B296AAAAD00DF2D05 /* util */ = {
			isa = PBXGroup;
			children = (
			);
			path = util;
			sourceTree = "<group>";
		};
/* End PBXGroup section */

/* Begin PBXNativeTarget section */
		F09A54FF2969C32C00DF2D05 /* BudgetLog */ = {
			isa = PBXNativeTarget;
			buildConfigurationList = F09A55132969C32F00DF2D05 /* Build configuration list for PBXNativeTarget "BudgetLog" */;
			buildPhases = (
				F09A54FC2969C32C00DF2D05 /* Sources */,
				F09A54FD2969C32C00DF2D05 /* Frameworks */,
				F09A54FE2969C32C00DF2D05 /* Resources */,
			);
			buildRules = (
			);
			dependencies = (
			);
			name = BudgetLog;
			productName = BudgetLog;
			productReference = F09A55002969C32C00DF2D05 /* BudgetLog.app */;
			productType = "com.apple.product-type.application";
		};
/* End PBXNativeTarget section */

/* Begin PBXProject section */
		F09A54F82969C32C00DF2D05 /* Project object */ = {
			isa = PBXProject;
			attributes = {
				BuildIndependentTargetsInParallel = 1;
				LastSwiftUpdateCheck = 1420;
				LastUpgradeCheck = 1420;
				TargetAttributes = {
					F09A54FF2969C32C00DF2D05 = {
						CreatedOnToolsVersion = 14.2;
					};
				};
			};
			buildConfigurationList = F09A54FB2969C32C00DF2D05 /* Build configuration list for PBXProject "BudgetLog" */;
			compatibilityVersion = "Xcode 14.0";
			developmentRegion = en;
			hasScannedForEncodings = 0;
			knownRegions = (
				en,
				Base,
			);
			mainGroup = F09A54F72969C32C00DF2D05;
			productRefGroup = F09A55012969C32C00DF2D05 /* Products */;
			projectDirPath = "";
			projectRoot = "";
			targets = (
				F09A54FF2969C32C00DF2D05 /* BudgetLog */,
			);
		};
/* End PBXProject section */

/* Begin PBXResourcesBuildPhase section */
		F09A54FE2969C32C00DF2D05 /* Resources */ = {
			isa = PBXResourcesBuildPhase;
			buildActionMask = 2147483647;
			files = (
				F09A550B2969C32F00DF2D05 /* Preview Assets.xcassets in Resources */,
				F09A55082969C32F00DF2D05 /* Assets.xcassets in Resources */,
			);
			runOnlyForDeploymentPostprocessing = 0;
		};
/* End PBXResourcesBuildPhase section */

/* Begin PBXSourcesBuildPhase section */
		F09A54FC2969C32C00DF2D05 /* Sources */ = {
			isa = PBXSourcesBuildPhase;
			buildActionMask = 2147483647;
			files = (
				F09A550D2969C32F00DF2D05 /* Persistence.swift in Sources */,
				F09A55062969C32C00DF2D05 /* ContentView.swift in Sources */,
				F0BEF2EE29745A35005037D1 /* BudgetListBottomSheetView.swift in Sources */,
				F0BEF2EC2974530C005037D1 /* HomeViewModel.swift in Sources */,
				F09A551A296AA83700DF2D05 /* Log.swift in Sources */,
				F09E03C4297D0C9400990FD0 /* Budget.swift in Sources */,
				F09A55042969C32C00DF2D05 /* BudgetLogApp.swift in Sources */,
				F09A55172969C63200DF2D05 /* HomeView.swift in Sources */,
				F09E03C6297D0DFB00990FD0 /* FormatterUtil.swift in Sources */,
				F09A55102969C32F00DF2D05 /* BudgetLog.xcdatamodeld in Sources */,
			);
			runOnlyForDeploymentPostprocessing = 0;
		};
/* End PBXSourcesBuildPhase section */

/* Begin XCBuildConfiguration section */
		F09A55112969C32F00DF2D05 /* Debug */ = {
			isa = XCBuildConfiguration;
			buildSettings = {
				ALWAYS_SEARCH_USER_PATHS = NO;
				CLANG_ANALYZER_NONNULL = YES;
				CLANG_ANALYZER_NUMBER_OBJECT_CONVERSION = YES_AGGRESSIVE;
				CLANG_CXX_LANGUAGE_STANDARD = "gnu++20";
				CLANG_ENABLE_MODULES = YES;
				CLANG_ENABLE_OBJC_ARC = YES;
				CLANG_ENABLE_OBJC_WEAK = YES;
				CLANG_WARN_BLOCK_CAPTURE_AUTORELEASING = YES;
				CLANG_WARN_BOOL_CONVERSION = YES;
				CLANG_WARN_COMMA = YES;
				CLANG_WARN_CONSTANT_CONVERSION = YES;
				CLANG_WARN_DEPRECATED_OBJC_IMPLEMENTATIONS = YES;
				CLANG_WARN_DIRECT_OBJC_ISA_USAGE = YES_ERROR;
				CLANG_WARN_DOCUMENTATION_COMMENTS = YES;
				CLANG_WARN_EMPTY_BODY = YES;
				CLANG_WARN_ENUM_CONVERSION = YES;
				CLANG_WARN_INFINITE_RECURSION = YES;
				CLANG_WARN_INT_CONVERSION = YES;
				CLANG_WARN_NON_LITERAL_NULL_CONVERSION = YES;
				CLANG_WARN_OBJC_IMPLICIT_RETAIN_SELF = YES;
				CLANG_WARN_OBJC_LITERAL_CONVERSION = YES;
				CLANG_WARN_OBJC_ROOT_CLASS = YES_ERROR;
				CLANG_WARN_QUOTED_INCLUDE_IN_FRAMEWORK_HEADER = YES;
				CLANG_WARN_RANGE_LOOP_ANALYSIS = YES;
				CLANG_WARN_STRICT_PROTOTYPES = YES;
				CLANG_WARN_SUSPICIOUS_MOVE = YES;
				CLANG_WARN_UNGUARDED_AVAILABILITY = YES_AGGRESSIVE;
				CLANG_WARN_UNREACHABLE_CODE = YES;
				CLANG_WARN__DUPLICATE_METHOD_MATCH = YES;
				COPY_PHASE_STRIP = NO;
				DEBUG_INFORMATION_FORMAT = dwarf;
				ENABLE_STRICT_OBJC_MSGSEND = YES;
				ENABLE_TESTABILITY = YES;
				GCC_C_LANGUAGE_STANDARD = gnu11;
				GCC_DYNAMIC_NO_PIC = NO;
				GCC_NO_COMMON_BLOCKS = YES;
				GCC_OPTIMIZATION_LEVEL = 0;
				GCC_PREPROCESSOR_DEFINITIONS = (
					"DEBUG=1",
					"$(inherited)",
				);
				GCC_WARN_64_TO_32_BIT_CONVERSION = YES;
				GCC_WARN_ABOUT_RETURN_TYPE = YES_ERROR;
				GCC_WARN_UNDECLARED_SELECTOR = YES;
				GCC_WARN_UNINITIALIZED_AUTOS = YES_AGGRESSIVE;
				GCC_WARN_UNUSED_FUNCTION = YES;
				GCC_WARN_UNUSED_VARIABLE = YES;
				IPHONEOS_DEPLOYMENT_TARGET = 16.2;
				MTL_ENABLE_DEBUG_INFO = INCLUDE_SOURCE;
				MTL_FAST_MATH = YES;
				ONLY_ACTIVE_ARCH = YES;
				SDKROOT = iphoneos;
				SWIFT_ACTIVE_COMPILATION_CONDITIONS = DEBUG;
				SWIFT_OPTIMIZATION_LEVEL = "-Onone";
			};
			name = Debug;
		};
		F09A55122969C32F00DF2D05 /* Release */ = {
			isa = XCBuildConfiguration;
			buildSettings = {
				ALWAYS_SEARCH_USER_PATHS = NO;
				CLANG_ANALYZER_NONNULL = YES;
				CLANG_ANALYZER_NUMBER_OBJECT_CONVERSION = YES_AGGRESSIVE;
				CLANG_CXX_LANGUAGE_STANDARD = "gnu++20";
				CLANG_ENABLE_MODULES = YES;
				CLANG_ENABLE_OBJC_ARC = YES;
				CLANG_ENABLE_OBJC_WEAK = YES;
				CLANG_WARN_BLOCK_CAPTURE_AUTORELEASING = YES;
				CLANG_WARN_BOOL_CONVERSION = YES;
				CLANG_WARN_COMMA = YES;
				CLANG_WARN_CONSTANT_CONVERSION = YES;
				CLANG_WARN_DEPRECATED_OBJC_IMPLEMENTATIONS = YES;
				CLANG_WARN_DIRECT_OBJC_ISA_USAGE = YES_ERROR;
				CLANG_WARN_DOCUMENTATION_COMMENTS = YES;
				CLANG_WARN_EMPTY_BODY = YES;
				CLANG_WARN_ENUM_CONVERSION = YES;
				CLANG_WARN_INFINITE_RECURSION = YES;
				CLANG_WARN_INT_CONVERSION = YES;
				CLANG_WARN_NON_LITERAL_NULL_CONVERSION = YES;
				CLANG_WARN_OBJC_IMPLICIT_RETAIN_SELF = YES;
				CLANG_WARN_OBJC_LITERAL_CONVERSION = YES;
				CLANG_WARN_OBJC_ROOT_CLASS = YES_ERROR;
				CLANG_WARN_QUOTED_INCLUDE_IN_FRAMEWORK_HEADER = YES;
				CLANG_WARN_RANGE_LOOP_ANALYSIS = YES;
				CLANG_WARN_STRICT_PROTOTYPES = YES;
				CLANG_WARN_SUSPICIOUS_MOVE = YES;
				CLANG_WARN_UNGUARDED_AVAILABILITY = YES_AGGRESSIVE;
				CLANG_WARN_UNREACHABLE_CODE = YES;
				CLANG_WARN__DUPLICATE_METHOD_MATCH = YES;
				COPY_PHASE_STRIP = NO;
				DEBUG_INFORMATION_FORMAT = "dwarf-with-dsym";
				ENABLE_NS_ASSERTIONS = NO;
				ENABLE_STRICT_OBJC_MSGSEND = YES;
				GCC_C_LANGUAGE_STANDARD = gnu11;
				GCC_NO_COMMON_BLOCKS = YES;
				GCC_WARN_64_TO_32_BIT_CONVERSION = YES;
				GCC_WARN_ABOUT_RETURN_TYPE = YES_ERROR;
				GCC_WARN_UNDECLARED_SELECTOR = YES;
				GCC_WARN_UNINITIALIZED_AUTOS = YES_AGGRESSIVE;
				GCC_WARN_UNUSED_FUNCTION = YES;
				GCC_WARN_UNUSED_VARIABLE = YES;
				IPHONEOS_DEPLOYMENT_TARGET = 16.2;
				MTL_ENABLE_DEBUG_INFO = NO;
				MTL_FAST_MATH = YES;
				SDKROOT = iphoneos;
				SWIFT_COMPILATION_MODE = wholemodule;
				SWIFT_OPTIMIZATION_LEVEL = "-O";
				VALIDATE_PRODUCT = YES;
			};
			name = Release;
		};
		F09A55142969C32F00DF2D05 /* Debug */ = {
			isa = XCBuildConfiguration;
			buildSettings = {
				ASSETCATALOG_COMPILER_APPICON_NAME = AppIcon;
				ASSETCATALOG_COMPILER_GLOBAL_ACCENT_COLOR_NAME = AccentColor;
				CODE_SIGN_STYLE = Automatic;
				CURRENT_PROJECT_VERSION = 1;
				DEVELOPMENT_ASSET_PATHS = "\"BudgetLog/Preview Content\"";
				DEVELOPMENT_TEAM = K8TU62863S;
				ENABLE_PREVIEWS = YES;
				GENERATE_INFOPLIST_FILE = YES;
				INFOPLIST_KEY_UIApplicationSceneManifest_Generation = YES;
				INFOPLIST_KEY_UIApplicationSupportsIndirectInputEvents = YES;
				INFOPLIST_KEY_UILaunchScreen_Generation = YES;
				INFOPLIST_KEY_UISupportedInterfaceOrientations = UIInterfaceOrientationPortrait;
				INFOPLIST_KEY_UISupportedInterfaceOrientations_iPad = "UIInterfaceOrientationPortrait UIInterfaceOrientationPortraitUpsideDown";
				LD_RUNPATH_SEARCH_PATHS = (
					"$(inherited)",
					"@executable_path/Frameworks",
				);
				MARKETING_VERSION = 1.0;
				PRODUCT_BUNDLE_IDENTIFIER = com.dagger.BudgetLog;
				PRODUCT_NAME = "$(TARGET_NAME)";
				SWIFT_EMIT_LOC_STRINGS = YES;
				SWIFT_VERSION = 5.0;
				TARGETED_DEVICE_FAMILY = "1,2";
			};
			name = Debug;
		};
		F09A55152969C32F00DF2D05 /* Release */ = {
			isa = XCBuildConfiguration;
			buildSettings = {
				ASSETCATALOG_COMPILER_APPICON_NAME = AppIcon;
				ASSETCATALOG_COMPILER_GLOBAL_ACCENT_COLOR_NAME = AccentColor;
				CODE_SIGN_STYLE = Automatic;
				CURRENT_PROJECT_VERSION = 1;
				DEVELOPMENT_ASSET_PATHS = "\"BudgetLog/Preview Content\"";
				DEVELOPMENT_TEAM = K8TU62863S;
				ENABLE_PREVIEWS = YES;
				GENERATE_INFOPLIST_FILE = YES;
				INFOPLIST_KEY_UIApplicationSceneManifest_Generation = YES;
				INFOPLIST_KEY_UIApplicationSupportsIndirectInputEvents = YES;
				INFOPLIST_KEY_UILaunchScreen_Generation = YES;
				INFOPLIST_KEY_UISupportedInterfaceOrientations = UIInterfaceOrientationPortrait;
				INFOPLIST_KEY_UISupportedInterfaceOrientations_iPad = "UIInterfaceOrientationPortrait UIInterfaceOrientationPortraitUpsideDown";
				LD_RUNPATH_SEARCH_PATHS = (
					"$(inherited)",
					"@executable_path/Frameworks",
				);
				MARKETING_VERSION = 1.0;
				PRODUCT_BUNDLE_IDENTIFIER = com.dagger.BudgetLog;
				PRODUCT_NAME = "$(TARGET_NAME)";
				SWIFT_EMIT_LOC_STRINGS = YES;
				SWIFT_VERSION = 5.0;
				TARGETED_DEVICE_FAMILY = "1,2";
			};
			name = Release;
		};
/* End XCBuildConfiguration section */

/* Begin XCConfigurationList section */
		F09A54FB2969C32C00DF2D05 /* Build configuration list for PBXProject "BudgetLog" */ = {
			isa = XCConfigurationList;
			buildConfigurations = (
				F09A55112969C32F00DF2D05 /* Debug */,
				F09A55122969C32F00DF2D05 /* Release */,
			);
			defaultConfigurationIsVisible = 0;
			defaultConfigurationName = Release;
		};
		F09A55132969C32F00DF2D05 /* Build configuration list for PBXNativeTarget "BudgetLog" */ = {
			isa = XCConfigurationList;
			buildConfigurations = (
				F09A55142969C32F00DF2D05 /* Debug */,
				F09A55152969C32F00DF2D05 /* Release */,
			);
			defaultConfigurationIsVisible = 0;
			defaultConfigurationName = Release;
		};
/* End XCConfigurationList section */

/* Begin XCVersionGroup section */
		F09A550E2969C32F00DF2D05 /* BudgetLog.xcdatamodeld */ = {
			isa = XCVersionGroup;
			children = (
				F09A550F2969C32F00DF2D05 /* BudgetLog.xcdatamodel */,
			);
			currentVersion = F09A550F2969C32F00DF2D05 /* BudgetLog.xcdatamodel */;
			path = BudgetLog.xcdatamodeld;
			sourceTree = "<group>";
			versionGroupType = wrapper.xcdatamodel;
		};
/* End XCVersionGroup section */
	};
	rootObject = F09A54F82969C32C00DF2D05 /* Project object */;
}
